NeoBundleLock vim-mercenary b64904911a0cd60baf86328b21c9a74af30c58cc
NeoBundleLock vim-signature 29fc095535c4a3206d3194305739b33cd72ffad2
NeoBundleLock vim-multiple-cursors 35028be1f71953da9f2c28509bf6c5ebd1d31c28
NeoBundleLock vim-surround fa433e0b7330753688f715f3be5d10dc480f20e5
NeoBundleLock vim-dispatch 78ed0c065ee65c8368f1f10566b96cd890c14358
NeoBundleLock badwolf e6fdf1844ac7fe9f479f93846081f9294eb992c0
NeoBundleLock vim-node 07a5e9f914dda778cdcefde3274d0f2ee5a75961
NeoBundleLock easybuffer.vim 64bd1d5ae30e03c60bf3d7e93af796428fce2ff6
NeoBundleLock vim-lawrencium 110:e66df94ebceb
NeoBundleLock colorizer 54504c53cb665c17ad89311e15649dc4651cb725
NeoBundleLock vim-startify f8f90f57042b97b2e2d874542462994b5351f003
NeoBundleLock vim-easymotion 868cd71710a48e8ec8acffeabd1eebfb10812c77
NeoBundleLock vim-better-whitespace fb5b0b8e51a294f358615060b6e2b44b5ca0674e
NeoBundleLock tabular 60f25648814f0695eeb6c1040d97adca93c4e0bb
NeoBundleLock vim-indent-guides eec1b629dc4cfa3986d20f21d4b4489732cd3f5a
NeoBundleLock vim-misc 15fd181de7ce8a07aa779d1b329cbf4d6e36366c
NeoBundleLock vim-fugitive d3b98d988602b94dc705ca99b171bb9f5b6c8a2c
NeoBundleLock gundo.vim 3975ac871565115e3769dc69c06bc88ddc1369af
NeoBundleLock nerdtree f8fd2ecce20f5005e6313ce57d6d2a209890c946
NeoBundleLock vim-signify babf2fd9759e719d06e9796900afa6fcb010fafb
NeoBundleLock vim-expand-region 966513543de0ddc2d673b5528a056269e7917276
NeoBundleLock gist-vim d609d93472db9cf45bd701bebe51adc356631547
NeoBundleLock vim-airline be6e4d6dd63a49132fc758643bb393a7f41f8b82
NeoBundleLock vim-lucius e9bad00b6fd47a75fc4186a80d34fcdfecb0af0d
NeoBundleLock vim-unimpaired 3548479cc154154cbdbb6737ca08a47937cc7113
NeoBundleLock minibufexpl.vim ad72976ca3df4585d49aa296799f14f3b34cf953
NeoBundleLock supertab fd4e0d06c2b1d9bff2eef1d15e7895b3b4da7cd7
NeoBundleLock vim-repeat 2a3c5f8e3c26a57b8eb4cfc4be79615a1c508ef6
NeoBundleLock neosnippet.vim 23327c4379b45798fb5b3e644adb77208c8ce68d
NeoBundleLock neobundle.vim 4a3bb7fb323b62f571c22ff15139fe996dc60ac8
NeoBundleLock neocomplcache.vim 68f9aa84d32389ff4393d63ad9082ca2f768420f
NeoBundleLock vim-eunuch c856e5d649b9f87590aff66a84b930fce5793431
NeoBundleLock bufkill.vim 1beec8127b6b03ea931b8e9e973b65bb1e2d7cb0
NeoBundleLock vim-indent-object 78fffa609b3e6b84ef01ee4c9aba6d7435d7b18e
NeoBundleLock vim-yankstack c6b96be20d9cfcbbcd7cc257a73274c6702d3fb7
NeoBundleLock tagbar a084e47eb47a171910c72ef21cc599c5bc2980a1
NeoBundleLock ctrlp.vim b5d3fe66a58a13d2ff8b6391f4387608496a030f
NeoBundleLock neosnippet-snippets 975a2e9e0eca6ae9daea83779bf4d0651d328e08
NeoBundleLock vim-exchange f841536eace341ef229f48eb6f9cef3d0cd98be4
NeoBundleLock vim-notes eaf2d447f20470277b0a52ea07726b89b9a18c29
NeoBundleLock syntastic de5e025ef0b8a9eec588d618ebaebd104945af4c
NeoBundleLock jellybeans.vim 0761708c890becd3e027551068e0ae272da003e0
NeoBundleLock tcomment_vim 1916655a7c1a511fa50af8aea91cad54f32e57e5
NeoBundleLock vim-matchit 4c6f5e7d4b6e3762d1649b026ab4d73b18d79d78
NeoBundleLock omnisharp-vim 13c78aa5287ffc1df6d75f434ffefc068315a3da
NeoBundleLock aspnetcs 86eee24795ad02a78051a96b72f032c7ac9d846a
NeoBundleLock vim-colors-solarized 528a59f26d12278698bb946f8fb82a63711eec21
NeoBundleLock vim-snippets 8c3caee77502998dc271a2ccaccc6e25bdcab683
NeoBundleLock webapi-vim a7789abffe936db56e3152e23733847f94755753
